// !$*UTF8*$!
{
	archiveVersion = 1;
	classes = {
	};
	objectVersion = 55;
	objects = {

/* Begin PBXBuildFile section */
		C58A7681268A590100385972 /* ContentView.swift in Sources */ = {isa = PBXBuildFile; fileRef = C58A7680268A590100385972 /* ContentView.swift */; };
		C58A7683268A5A2B00385972 /* NewItem.swift in Sources */ = {isa = PBXBuildFile; fileRef = C58A7682268A5A2B00385972 /* NewItem.swift */; };
		C58A7685268A608100385972 /* Screen.swift in Sources */ = {isa = PBXBuildFile; fileRef = C58A7684268A608100385972 /* Screen.swift */; };
		C58A7687269CC38400385972 /* Settings.swift in Sources */ = {isa = PBXBuildFile; fileRef = C58A7686269CC38400385972 /* Settings.swift */; };
		C58A7689269CCF4200385972 /* GestureRecognizer.swift in Sources */ = {isa = PBXBuildFile; fileRef = C58A7688269CCF4200385972 /* GestureRecognizer.swift */; };
		C58CD77E26813073002C21C6 /* TodoAppSwiftUI3App.swift in Sources */ = {isa = PBXBuildFile; fileRef = C58CD77D26813073002C21C6 /* TodoAppSwiftUI3App.swift */; };
		C58CD78026813073002C21C6 /* ToDoList.swift in Sources */ = {isa = PBXBuildFile; fileRef = C58CD77F26813073002C21C6 /* ToDoList.swift */; };
		C58CD78226813076002C21C6 /* Assets.xcassets in Resources */ = {isa = PBXBuildFile; fileRef = C58CD78126813076002C21C6 /* Assets.xcassets */; };
		C58CD78526813076002C21C6 /* Preview Assets.xcassets in Resources */ = {isa = PBXBuildFile; fileRef = C58CD78426813076002C21C6 /* Preview Assets.xcassets */; };
		C58CD78726813076002C21C6 /* Persistence.swift in Sources */ = {isa = PBXBuildFile; fileRef = C58CD78626813076002C21C6 /* Persistence.swift */; };
		C58CD78A26813076002C21C6 /* TodoAppSwiftUI3.xcdatamodeld in Sources */ = {isa = PBXBuildFile; fileRef = C58CD78826813076002C21C6 /* TodoAppSwiftUI3.xcdatamodeld */; };
		C58CD794268137DD002C21C6 /* CategoryCards.swift in Sources */ = {isa = PBXBuildFile; fileRef = C58CD793268137DD002C21C6 /* CategoryCards.swift */; };
		C58CD79626813EB6002C21C6 /* Categories.swift in Sources */ = {isa = PBXBuildFile; fileRef = C58CD79526813EB6002C21C6 /* Categories.swift */; };
		C5B7DEB326827D7500F3903A /* MainScreen.swift in Sources */ = {isa = PBXBuildFile; fileRef = C5B7DEB226827D7500F3903A /* MainScreen.swift */; };
		C5B7DEB52682826800F3903A /* ViewContextMethods.swift in Sources */ = {isa = PBXBuildFile; fileRef = C5B7DEB42682826800F3903A /* ViewContextMethods.swift */; };
		C5B7DEB8268911BD00F3903A /* Haptics.swift in Sources */ = {isa = PBXBuildFile; fileRef = C5B7DEB7268911BD00F3903A /* Haptics.swift */; };
		C5B7DEBB2689156800F3903A /* Menu.swift in Sources */ = {isa = PBXBuildFile; fileRef = C5B7DEBA2689156800F3903A /* Menu.swift */; };
/* End PBXBuildFile section */

/* Begin PBXFileReference section */
		C58A7680268A590100385972 /* ContentView.swift */ = {isa = PBXFileReference; lastKnownFileType = sourcecode.swift; path = ContentView.swift; sourceTree = "<group>"; };
		C58A7682268A5A2B00385972 /* NewItem.swift */ = {isa = PBXFileReference; lastKnownFileType = sourcecode.swift; path = NewItem.swift; sourceTree = "<group>"; };
		C58A7684268A608100385972 /* Screen.swift */ = {isa = PBXFileReference; lastKnownFileType = sourcecode.swift; path = Screen.swift; sourceTree = "<group>"; };
		C58A7686269CC38400385972 /* Settings.swift */ = {isa = PBXFileReference; lastKnownFileType = sourcecode.swift; path = Settings.swift; sourceTree = "<group>"; };
		C58A7688269CCF4200385972 /* GestureRecognizer.swift */ = {isa = PBXFileReference; lastKnownFileType = sourcecode.swift; path = GestureRecognizer.swift; sourceTree = "<group>"; };
		C58CD77A26813072002C21C6 /* TodoAppSwiftUI3.app */ = {isa = PBXFileReference; explicitFileType = wrapper.application; includeInIndex = 0; path = TodoAppSwiftUI3.app; sourceTree = BUILT_PRODUCTS_DIR; };
		C58CD77D26813073002C21C6 /* TodoAppSwiftUI3App.swift */ = {isa = PBXFileReference; lastKnownFileType = sourcecode.swift; path = TodoAppSwiftUI3App.swift; sourceTree = "<group>"; };
		C58CD77F26813073002C21C6 /* ToDoList.swift */ = {isa = PBXFileReference; lastKnownFileType = sourcecode.swift; path = ToDoList.swift; sourceTree = "<group>"; };
		C58CD78126813076002C21C6 /* Assets.xcassets */ = {isa = PBXFileReference; lastKnownFileType = folder.assetcatalog; path = Assets.xcassets; sourceTree = "<group>"; };
		C58CD78426813076002C21C6 /* Preview Assets.xcassets */ = {isa = PBXFileReference; lastKnownFileType = folder.assetcatalog; path = "Preview Assets.xcassets"; sourceTree = "<group>"; };
		C58CD78626813076002C21C6 /* Persistence.swift */ = {isa = PBXFileReference; lastKnownFileType = sourcecode.swift; path = Persistence.swift; sourceTree = "<group>"; };
		C58CD78926813076002C21C6 /* TodoAppSwiftUI3.xcdatamodel */ = {isa = PBXFileReference; lastKnownFileType = wrapper.xcdatamodel; path = TodoAppSwiftUI3.xcdatamodel; sourceTree = "<group>"; };
		C58CD793268137DD002C21C6 /* CategoryCards.swift */ = {isa = PBXFileReference; lastKnownFileType = sourcecode.swift; path = CategoryCards.swift; sourceTree = "<group>"; };
		C58CD79526813EB6002C21C6 /* Categories.swift */ = {isa = PBXFileReference; lastKnownFileType = sourcecode.swift; path = Categories.swift; sourceTree = "<group>"; };
		C5B7DEB226827D7500F3903A /* MainScreen.swift */ = {isa = PBXFileReference; lastKnownFileType = sourcecode.swift; path = MainScreen.swift; sourceTree = "<group>"; };
		C5B7DEB42682826800F3903A /* ViewContextMethods.swift */ = {isa = PBXFileReference; lastKnownFileType = sourcecode.swift; path = ViewContextMethods.swift; sourceTree = "<group>"; };
		C5B7DEB6268297C100F3903A /* Info.plist */ = {isa = PBXFileReference; lastKnownFileType = text.plist; path = Info.plist; sourceTree = "<group>"; };
		C5B7DEB7268911BD00F3903A /* Haptics.swift */ = {isa = PBXFileReference; lastKnownFileType = sourcecode.swift; path = Haptics.swift; sourceTree = "<group>"; };
		C5B7DEBA2689156800F3903A /* Menu.swift */ = {isa = PBXFileReference; lastKnownFileType = sourcecode.swift; path = Menu.swift; sourceTree = "<group>"; };
/* End PBXFileReference section */

/* Begin PBXFrameworksBuildPhase section */
		C58CD77726813072002C21C6 /* Frameworks */ = {
			isa = PBXFrameworksBuildPhase;
			buildActionMask = 2147483647;
			files = (
			);
			runOnlyForDeploymentPostprocessing = 0;
		};
/* End PBXFrameworksBuildPhase section */

/* Begin PBXGroup section */
		C58CD77126813072002C21C6 = {
			isa = PBXGroup;
			children = (
				C58CD77C26813072002C21C6 /* TodoAppSwiftUI3 */,
				C58CD77B26813072002C21C6 /* Products */,
			);
			sourceTree = "<group>";
		};
		C58CD77B26813072002C21C6 /* Products */ = {
			isa = PBXGroup;
			children = (
				C58CD77A26813072002C21C6 /* TodoAppSwiftUI3.app */,
			);
			name = Products;
			sourceTree = "<group>";
		};
		C58CD77C26813072002C21C6 /* TodoAppSwiftUI3 */ = {
			isa = PBXGroup;
			children = (
				C5B7DEB6268297C100F3903A /* Info.plist */,
				C5B7DEBA2689156800F3903A /* Menu.swift */,
				C58A7680268A590100385972 /* ContentView.swift */,
				C58CD77D26813073002C21C6 /* TodoAppSwiftUI3App.swift */,
				C58CD77F26813073002C21C6 /* ToDoList.swift */,
				C5B7DEB226827D7500F3903A /* MainScreen.swift */,
				C58A7682268A5A2B00385972 /* NewItem.swift */,
				C58A7686269CC38400385972 /* Settings.swift */,
				C58CD78126813076002C21C6 /* Assets.xcassets */,
				C58CD78626813076002C21C6 /* Persistence.swift */,
				C58CD79026813776002C21C6 /* Models */,
				C58CD792268137BA002C21C6 /* ViewModels */,
				C58CD78826813076002C21C6 /* TodoAppSwiftUI3.xcdatamodeld */,
				C58CD78326813076002C21C6 /* Preview Content */,
			);
			path = TodoAppSwiftUI3;
			sourceTree = "<group>";
		};
		C58CD78326813076002C21C6 /* Preview Content */ = {
			isa = PBXGroup;
			children = (
				C58CD78426813076002C21C6 /* Preview Assets.xcassets */,
			);
			path = "Preview Content";
			sourceTree = "<group>";
		};
		C58CD79026813776002C21C6 /* Models */ = {
			isa = PBXGroup;
			children = (
				C58CD79526813EB6002C21C6 /* Categories.swift */,
				C5B7DEB42682826800F3903A /* ViewContextMethods.swift */,
				C5B7DEB7268911BD00F3903A /* Haptics.swift */,
				C58A7684268A608100385972 /* Screen.swift */,
				C58A7688269CCF4200385972 /* GestureRecognizer.swift */,
			);
			path = Models;
			sourceTree = "<group>";
		};
		C58CD792268137BA002C21C6 /* ViewModels */ = {
			isa = PBXGroup;
			children = (
				C58CD793268137DD002C21C6 /* CategoryCards.swift */,
			);
			path = ViewModels;
			sourceTree = "<group>";
		};
/* End PBXGroup section */

/* Begin PBXNativeTarget section */
		C58CD77926813072002C21C6 /* TodoAppSwiftUI3 */ = {
			isa = PBXNativeTarget;
			buildConfigurationList = C58CD78D26813077002C21C6 /* Build configuration list for PBXNativeTarget "TodoAppSwiftUI3" */;
			buildPhases = (
				C58CD77626813072002C21C6 /* Sources */,
				C58CD77726813072002C21C6 /* Frameworks */,
				C58CD77826813072002C21C6 /* Resources */,
			);
			buildRules = (
			);
			dependencies = (
			);
			name = TodoAppSwiftUI3;
			productName = TodoAppSwiftUI3;
			productReference = C58CD77A26813072002C21C6 /* TodoAppSwiftUI3.app */;
			productType = "com.apple.product-type.application";
		};
/* End PBXNativeTarget section */

/* Begin PBXProject section */
		C58CD77226813072002C21C6 /* Project object */ = {
			isa = PBXProject;
			attributes = {
				BuildIndependentTargetsInParallel = 1;
				LastSwiftUpdateCheck = 1300;
				LastUpgradeCheck = 1300;
				TargetAttributes = {
					C58CD77926813072002C21C6 = {
						CreatedOnToolsVersion = 13.0;
					};
				};
			};
			buildConfigurationList = C58CD77526813072002C21C6 /* Build configuration list for PBXProject "TodoAppSwiftUI3" */;
			compatibilityVersion = "Xcode 13.0";
			developmentRegion = en;
			hasScannedForEncodings = 0;
			knownRegions = (
				en,
				Base,
			);
			mainGroup = C58CD77126813072002C21C6;
			productRefGroup = C58CD77B26813072002C21C6 /* Products */;
			projectDirPath = "";
			projectRoot = "";
			targets = (
				C58CD77926813072002C21C6 /* TodoAppSwiftUI3 */,
			);
		};
/* End PBXProject section */

/* Begin PBXResourcesBuildPhase section */
		C58CD77826813072002C21C6 /* Resources */ = {
			isa = PBXResourcesBuildPhase;
			buildActionMask = 2147483647;
			files = (
				C58CD78526813076002C21C6 /* Preview Assets.xcassets in Resources */,
				C58CD78226813076002C21C6 /* Assets.xcassets in Resources */,
			);
			runOnlyForDeploymentPostprocessing = 0;
		};
/* End PBXResourcesBuildPhase section */

/* Begin PBXSourcesBuildPhase section */
		C58CD77626813072002C21C6 /* Sources */ = {
			isa = PBXSourcesBuildPhase;
			buildActionMask = 2147483647;
			files = (
				C5B7DEB8268911BD00F3903A /* Haptics.swift in Sources */,
				C58CD78726813076002C21C6 /* Persistence.swift in Sources */,
				C5B7DEB326827D7500F3903A /* MainScreen.swift in Sources */,
				C58A7683268A5A2B00385972 /* NewItem.swift in Sources */,
				C58A7687269CC38400385972 /* Settings.swift in Sources */,
				C58CD78A26813076002C21C6 /* TodoAppSwiftUI3.xcdatamodeld in Sources */,
				C58A7689269CCF4200385972 /* GestureRecognizer.swift in Sources */,
				C58A7685268A608100385972 /* Screen.swift in Sources */,
				C5B7DEBB2689156800F3903A /* Menu.swift in Sources */,
				C58CD78026813073002C21C6 /* ToDoList.swift in Sources */,
				C58CD77E26813073002C21C6 /* TodoAppSwiftUI3App.swift in Sources */,
				C58CD794268137DD002C21C6 /* CategoryCards.swift in Sources */,
				C58A7681268A590100385972 /* ContentView.swift in Sources */,
				C58CD79626813EB6002C21C6 /* Categories.swift in Sources */,
				C5B7DEB52682826800F3903A /* ViewContextMethods.swift in Sources */,
			);
			runOnlyForDeploymentPostprocessing = 0;
		};
/* End PBXSourcesBuildPhase section */

/* Begin XCBuildConfiguration section */
		C58CD78B26813076002C21C6 /* Debug */ = {
			isa = XCBuildConfiguration;
			buildSettings = {
				ALWAYS_SEARCH_USER_PATHS = NO;
				CLANG_ANALYZER_NONNULL = YES;
				CLANG_ANALYZER_NUMBER_OBJECT_CONVERSION = YES_AGGRESSIVE;
				CLANG_CXX_LANGUAGE_STANDARD = "gnu++14";
				CLANG_CXX_LIBRARY = "libc++";
				CLANG_ENABLE_MODULES = YES;
				CLANG_ENABLE_OBJC_ARC = YES;
				CLANG_ENABLE_OBJC_WEAK = YES;
				CLANG_WARN_BLOCK_CAPTURE_AUTORELEASING = YES;
				CLANG_WARN_BOOL_CONVERSION = YES;
				CLANG_WARN_COMMA = YES;
				CLANG_WARN_CONSTANT_CONVERSION = YES;
				CLANG_WARN_DEPRECATED_OBJC_IMPLEMENTATIONS = YES;
				CLANG_WARN_DIRECT_OBJC_ISA_USAGE = YES_ERROR;
				CLANG_WARN_DOCUMENTATION_COMMENTS = YES;
				CLANG_WARN_EMPTY_BODY = YES;
				CLANG_WARN_ENUM_CONVERSION = YES;
				CLANG_WARN_INFINITE_RECURSION = YES;
				CLANG_WARN_INT_CONVERSION = YES;
				CLANG_WARN_NON_LITERAL_NULL_CONVERSION = YES;
				CLANG_WARN_OBJC_IMPLICIT_RETAIN_SELF = YES;
				CLANG_WARN_OBJC_LITERAL_CONVERSION = YES;
				CLANG_WARN_OBJC_ROOT_CLASS = YES_ERROR;
				CLANG_WARN_QUOTED_INCLUDE_IN_FRAMEWORK_HEADER = YES;
				CLANG_WARN_RANGE_LOOP_ANALYSIS = YES;
				CLANG_WARN_STRICT_PROTOTYPES = YES;
				CLANG_WARN_SUSPICIOUS_MOVE = YES;
				CLANG_WARN_UNGUARDED_AVAILABILITY = YES_AGGRESSIVE;
				CLANG_WARN_UNREACHABLE_CODE = YES;
				CLANG_WARN__DUPLICATE_METHOD_MATCH = YES;
				COPY_PHASE_STRIP = NO;
				DEBUG_INFORMATION_FORMAT = dwarf;
				ENABLE_STRICT_OBJC_MSGSEND = YES;
				ENABLE_TESTABILITY = YES;
				GCC_C_LANGUAGE_STANDARD = gnu11;
				GCC_DYNAMIC_NO_PIC = NO;
				GCC_NO_COMMON_BLOCKS = YES;
				GCC_OPTIMIZATION_LEVEL = 0;
				GCC_PREPROCESSOR_DEFINITIONS = (
					"DEBUG=1",
					"$(inherited)",
				);
				GCC_WARN_64_TO_32_BIT_CONVERSION = YES;
				GCC_WARN_ABOUT_RETURN_TYPE = YES_ERROR;
				GCC_WARN_UNDECLARED_SELECTOR = YES;
				GCC_WARN_UNINITIALIZED_AUTOS = YES_AGGRESSIVE;
				GCC_WARN_UNUSED_FUNCTION = YES;
				GCC_WARN_UNUSED_VARIABLE = YES;
				IPHONEOS_DEPLOYMENT_TARGET = 15.0;
				MTL_ENABLE_DEBUG_INFO = INCLUDE_SOURCE;
				MTL_FAST_MATH = YES;
				ONLY_ACTIVE_ARCH = YES;
				SDKROOT = iphoneos;
				SWIFT_ACTIVE_COMPILATION_CONDITIONS = DEBUG;
				SWIFT_OPTIMIZATION_LEVEL = "-Onone";
			};
			name = Debug;
		};
		C58CD78C26813076002C21C6 /* Release */ = {
			isa = XCBuildConfiguration;
			buildSettings = {
				ALWAYS_SEARCH_USER_PATHS = NO;
				CLANG_ANALYZER_NONNULL = YES;
				CLANG_ANALYZER_NUMBER_OBJECT_CONVERSION = YES_AGGRESSIVE;
				CLANG_CXX_LANGUAGE_STANDARD = "gnu++14";
				CLANG_CXX_LIBRARY = "libc++";
				CLANG_ENABLE_MODULES = YES;
				CLANG_ENABLE_OBJC_ARC = YES;
				CLANG_ENABLE_OBJC_WEAK = YES;
				CLANG_WARN_BLOCK_CAPTURE_AUTORELEASING = YES;
				CLANG_WARN_BOOL_CONVERSION = YES;
				CLANG_WARN_COMMA = YES;
				CLANG_WARN_CONSTANT_CONVERSION = YES;
				CLANG_WARN_DEPRECATED_OBJC_IMPLEMENTATIONS = YES;
				CLANG_WARN_DIRECT_OBJC_ISA_USAGE = YES_ERROR;
				CLANG_WARN_DOCUMENTATION_COMMENTS = YES;
				CLANG_WARN_EMPTY_BODY = YES;
				CLANG_WARN_ENUM_CONVERSION = YES;
				CLANG_WARN_INFINITE_RECURSION = YES;
				CLANG_WARN_INT_CONVERSION = YES;
				CLANG_WARN_NON_LITERAL_NULL_CONVERSION = YES;
				CLANG_WARN_OBJC_IMPLICIT_RETAIN_SELF = YES;
				CLANG_WARN_OBJC_LITERAL_CONVERSION = YES;
				CLANG_WARN_OBJC_ROOT_CLASS = YES_ERROR;
				CLANG_WARN_QUOTED_INCLUDE_IN_FRAMEWORK_HEADER = YES;
				CLANG_WARN_RANGE_LOOP_ANALYSIS = YES;
				CLANG_WARN_STRICT_PROTOTYPES = YES;
				CLANG_WARN_SUSPICIOUS_MOVE = YES;
				CLANG_WARN_UNGUARDED_AVAILABILITY = YES_AGGRESSIVE;
				CLANG_WARN_UNREACHABLE_CODE = YES;
				CLANG_WARN__DUPLICATE_METHOD_MATCH = YES;
				COPY_PHASE_STRIP = NO;
				DEBUG_INFORMATION_FORMAT = "dwarf-with-dsym";
				ENABLE_NS_ASSERTIONS = NO;
				ENABLE_STRICT_OBJC_MSGSEND = YES;
				GCC_C_LANGUAGE_STANDARD = gnu11;
				GCC_NO_COMMON_BLOCKS = YES;
				GCC_WARN_64_TO_32_BIT_CONVERSION = YES;
				GCC_WARN_ABOUT_RETURN_TYPE = YES_ERROR;
				GCC_WARN_UNDECLARED_SELECTOR = YES;
				GCC_WARN_UNINITIALIZED_AUTOS = YES_AGGRESSIVE;
				GCC_WARN_UNUSED_FUNCTION = YES;
				GCC_WARN_UNUSED_VARIABLE = YES;
				IPHONEOS_DEPLOYMENT_TARGET = 15.0;
				MTL_ENABLE_DEBUG_INFO = NO;
				MTL_FAST_MATH = YES;
				SDKROOT = iphoneos;
				SWIFT_COMPILATION_MODE = wholemodule;
				SWIFT_OPTIMIZATION_LEVEL = "-O";
				VALIDATE_PRODUCT = YES;
			};
			name = Release;
		};
		C58CD78E26813077002C21C6 /* Debug */ = {
			isa = XCBuildConfiguration;
			buildSettings = {
				ASSETCATALOG_COMPILER_APPICON_NAME = AppIcon;
				ASSETCATALOG_COMPILER_GLOBAL_ACCENT_COLOR_NAME = AccentColor;
				CODE_SIGN_STYLE = Automatic;
				CURRENT_PROJECT_VERSION = 1;
				DEVELOPMENT_ASSET_PATHS = "\"TodoAppSwiftUI3/Preview Content\"";
				DEVELOPMENT_TEAM = 4T7X5D3BA4;
				ENABLE_PREVIEWS = YES;
				GENERATE_INFOPLIST_FILE = YES;
				INFOPLIST_FILE = TodoAppSwiftUI3/Info.plist;
				INFOPLIST_KEY_CFBundleExecutable = TodoAppSwiftUI3;
				INFOPLIST_KEY_CFBundleName = TodoAppSwiftUI3;
				INFOPLIST_KEY_CFBundleVersion = 1;
				INFOPLIST_KEY_UIApplicationSceneManifest_Generation = YES;
				INFOPLIST_KEY_UIApplicationSupportsIndirectInputEvents = YES;
				INFOPLIST_KEY_UILaunchScreen_Generation = YES;
				INFOPLIST_KEY_UISupportedInterfaceOrientations = UIInterfaceOrientationPortrait;
				INFOPLIST_KEY_UISupportedInterfaceOrientations_iPad = "UIInterfaceOrientationPortrait UIInterfaceOrientationPortraitUpsideDown UIInterfaceOrientationLandscapeLeft UIInterfaceOrientationLandscapeRight";
				INFOPLIST_KEY_UISupportedInterfaceOrientations_iPhone = "UIInterfaceOrientationPortrait UIInterfaceOrientationLandscapeLeft UIInterfaceOrientationLandscapeRight";
				IPHONEOS_DEPLOYMENT_TARGET = 15.0;
				LD_RUNPATH_SEARCH_PATHS = (
					"$(inherited)",
					"@executable_path/Frameworks",
				);
				MARKETING_VERSION = 1.0;
				PRODUCT_BUNDLE_IDENTIFIER = com.shelkford.TodoAppSwiftUI3;
				PRODUCT_NAME = "$(TARGET_NAME)";
				SWIFT_EMIT_LOC_STRINGS = YES;
				SWIFT_VERSION = 5.0;
				TARGETED_DEVICE_FAMILY = "1,2";
			};
			name = Debug;
		};
		C58CD78F26813077002C21C6 /* Release */ = {
			isa = XCBuildConfiguration;
			buildSettings = {
				ASSETCATALOG_COMPILER_APPICON_NAME = AppIcon;
				ASSETCATALOG_COMPILER_GLOBAL_ACCENT_COLOR_NAME = AccentColor;
				CODE_SIGN_STYLE = Automatic;
				CURRENT_PROJECT_VERSION = 1;
				DEVELOPMENT_ASSET_PATHS = "\"TodoAppSwiftUI3/Preview Content\"";
				DEVELOPMENT_TEAM = 4T7X5D3BA4;
				ENABLE_PREVIEWS = YES;
				GENERATE_INFOPLIST_FILE = YES;
				INFOPLIST_FILE = TodoAppSwiftUI3/Info.plist;
				INFOPLIST_KEY_CFBundleExecutable = TodoAppSwiftUI3;
				INFOPLIST_KEY_CFBundleName = TodoAppSwiftUI3;
				INFOPLIST_KEY_CFBundleVersion = 1;
				INFOPLIST_KEY_UIApplicationSceneManifest_Generation = YES;
				INFOPLIST_KEY_UIApplicationSupportsIndirectInputEvents = YES;
				INFOPLIST_KEY_UILaunchScreen_Generation = YES;
				INFOPLIST_KEY_UISupportedInterfaceOrientations = UIInterfaceOrientationPortrait;
				INFOPLIST_KEY_UISupportedInterfaceOrientations_iPad = "UIInterfaceOrientationPortrait UIInterfaceOrientationPortraitUpsideDown UIInterfaceOrientationLandscapeLeft UIInterfaceOrientationLandscapeRight";
				INFOPLIST_KEY_UISupportedInterfaceOrientations_iPhone = "UIInterfaceOrientationPortrait UIInterfaceOrientationLandscapeLeft UIInterfaceOrientationLandscapeRight";
				IPHONEOS_DEPLOYMENT_TARGET = 15.0;
				LD_RUNPATH_SEARCH_PATHS = (
					"$(inherited)",
					"@executable_path/Frameworks",
				);
				MARKETING_VERSION = 1.0;
				PRODUCT_BUNDLE_IDENTIFIER = com.shelkford.TodoAppSwiftUI3;
				PRODUCT_NAME = "$(TARGET_NAME)";
				SWIFT_EMIT_LOC_STRINGS = YES;
				SWIFT_VERSION = 5.0;
				TARGETED_DEVICE_FAMILY = "1,2";
			};
			name = Release;
		};
/* End XCBuildConfiguration section */

/* Begin XCConfigurationList section */
		C58CD77526813072002C21C6 /* Build configuration list for PBXProject "TodoAppSwiftUI3" */ = {
			isa = XCConfigurationList;
			buildConfigurations = (
				C58CD78B26813076002C21C6 /* Debug */,
				C58CD78C26813076002C21C6 /* Release */,
			);
			defaultConfigurationIsVisible = 0;
			defaultConfigurationName = Release;
		};
		C58CD78D26813077002C21C6 /* Build configuration list for PBXNativeTarget "TodoAppSwiftUI3" */ = {
			isa = XCConfigurationList;
			buildConfigurations = (
				C58CD78E26813077002C21C6 /* Debug */,
				C58CD78F26813077002C21C6 /* Release */,
			);
			defaultConfigurationIsVisible = 0;
			defaultConfigurationName = Release;
		};
/* End XCConfigurationList section */

/* Begin XCVersionGroup section */
		C58CD78826813076002C21C6 /* TodoAppSwiftUI3.xcdatamodeld */ = {
			isa = XCVersionGroup;
			children = (
				C58CD78926813076002C21C6 /* TodoAppSwiftUI3.xcdatamodel */,
			);
			currentVersion = C58CD78926813076002C21C6 /* TodoAppSwiftUI3.xcdatamodel */;
			path = TodoAppSwiftUI3.xcdatamodeld;
			sourceTree = "<group>";
			versionGroupType = wrapper.xcdatamodel;
		};
/* End XCVersionGroup section */
	};
	rootObject = C58CD77226813072002C21C6 /* Project object */;
}
